
Microsoft Visual Studio Solution File, Format Version 12.00
# Visual Studio 15
VisualStudioVersion = 15.0.27703.2035
MinimumVisualStudioVersion = 10.0.40219.1
Project("{FAE04EC0-301F-11D3-BF4B-00C04F79EFBC}") = "DesingPatterns", "DesingPatterns\DesingPatterns.csproj", "{6134B1F4-8CDF-4DC6-863E-7270B829C2F5}"
EndProject
Global
	GlobalSection(SolutionConfigurationPlatforms) = preSolution
		Debug|Any CPU = Debug|Any CPU
		Release|Any CPU = Release|Any CPU
	EndGlobalSection
	GlobalSection(ProjectConfigurationPlatforms) = postSolution
		{6134B1F4-8CDF-4DC6-863E-7270B829C2F5}.Debug|Any CPU.ActiveCfg = Debug|Any CPU
		{6134B1F4-8CDF-4DC6-863E-7270B829C2F5}.Debug|Any CPU.Build.0 = Debug|Any CPU
		{6134B1F4-8CDF-4DC6-863E-7270B829C2F5}.Release|Any CPU.ActiveCfg = Release|Any CPU
		{6134B1F4-8CDF-4DC6-863E-7270B829C2F5}.Release|Any CPU.Build.0 = Release|Any CPU
	EndGlobalSection
	GlobalSection(SolutionProperties) = preSolution
		HideSolutionNode = FALSE
	EndGlobalSection
	GlobalSection(ExtensibilityGlobals) = postSolution
		SolutionGuid = {124A1159-07B1-40AE-A25A-1E0BE141233B}
	EndGlobalSection
EndGlobal
